
Microsoft Visual Studio Solution File, Format Version 12.00
# Visual Studio Version 17
VisualStudioVersion = 17.13.35931.197 d17.13
MinimumVisualStudioVersion = 10.0.40219.1
Project("{8BC9CEB8-8B4A-11D0-8D11-00A0C91BC942}") = "CS 210 Module Two", "CS 210 Module Two\CS 210 Module Two.vcxproj", "{916CA9C6-0954-4155-A11E-38A7F37FE36E}"
EndProject
Global
	GlobalSection(SolutionConfigurationPlatforms) = preSolution
		Debug|x64 = Debug|x64
		Debug|x86 = Debug|x86
		Release|x64 = Release|x64
		Release|x86 = Release|x86
	EndGlobalSection
	GlobalSection(ProjectConfigurationPlatforms) = postSolution
		{916CA9C6-0954-4155-A11E-38A7F37FE36E}.Debug|x64.ActiveCfg = Debug|x64
		{916CA9C6-0954-4155-A11E-38A7F37FE36E}.Debug|x64.Build.0 = Debug|x64
		{916CA9C6-0954-4155-A11E-38A7F37FE36E}.Debug|x86.ActiveCfg = Debug|Win32
		{916CA9C6-0954-4155-A11E-38A7F37FE36E}.Debug|x86.Build.0 = Debug|Win32
		{916CA9C6-0954-4155-A11E-38A7F37FE36E}.Release|x64.ActiveCfg = Release|x64
		{916CA9C6-0954-4155-A11E-38A7F37FE36E}.Release|x64.Build.0 = Release|x64
		{916CA9C6-0954-4155-A11E-38A7F37FE36E}.Release|x86.ActiveCfg = Release|Win32
		{916CA9C6-0954-4155-A11E-38A7F37FE36E}.Release|x86.Build.0 = Release|Win32
	EndGlobalSection
	GlobalSection(SolutionProperties) = preSolution
		HideSolutionNode = FALSE
	EndGlobalSection
	GlobalSection(ExtensibilityGlobals) = postSolution
		SolutionGuid = {26945436-FFFC-4B09-A76F-18A51409D5EB}
	EndGlobalSection
EndGlobal
